
Microsoft Visual Studio Solution File, Format Version 12.00
# Visual Studio Version 17
VisualStudioVersion = 17.3.32929.385
MinimumVisualStudioVersion = 10.0.40219.1
Project("{FAE04EC0-301F-11D3-BF4B-00C04F79EFBC}") = "OTT-ManagementSystem.PresentationLayer", "OTT-ManagementSystem.PresentationLayer.csproj", "{5D0582A0-38ED-4F44-BFE1-35938A01EF7F}"
EndProject
Project("{FAE04EC0-301F-11D3-BF4B-00C04F79EFBC}") = "OTTManagementSystem.BusinessLogicLayer", "..\OTTManagementSystem.BusinessLogicLayer\OTTManagementSystem.BusinessLogicLayer.csproj", "{06E82B6E-FA74-4156-B848-5CFCDF6CD16E}"
EndProject
Project("{FAE04EC0-301F-11D3-BF4B-00C04F79EFBC}") = "OTTManagementsystem.DataAccessLayer", "..\OTTManagementsystem.DataAccessLayer\OTTManagementsystem.DataAccessLayer.csproj", "{700C9D28-9D21-462F-BFCD-9FC7AE2BAA2B}"
EndProject
Project("{FAE04EC0-301F-11D3-BF4B-00C04F79EFBC}") = "OTTManagementSystem.CustomException", "..\OTTManagementSystem.CustomException\OTTManagementSystem.CustomException.csproj", "{044B4956-781D-4540-A51D-8E21B8429F25}"
EndProject
Project("{FAE04EC0-301F-11D3-BF4B-00C04F79EFBC}") = "OTTMangementSystem.Entities", "..\OTTMangementSystem.Entities\OTTMangementSystem.Entities.csproj", "{B2495FCA-D3D9-4854-AF5E-18E48B4A7148}"
EndProject
Global
	GlobalSection(SolutionConfigurationPlatforms) = preSolution
		Debug|Any CPU = Debug|Any CPU
		Release|Any CPU = Release|Any CPU
	EndGlobalSection
	GlobalSection(ProjectConfigurationPlatforms) = postSolution
		{5D0582A0-38ED-4F44-BFE1-35938A01EF7F}.Debug|Any CPU.ActiveCfg = Debug|Any CPU
		{5D0582A0-38ED-4F44-BFE1-35938A01EF7F}.Debug|Any CPU.Build.0 = Debug|Any CPU
		{5D0582A0-38ED-4F44-BFE1-35938A01EF7F}.Release|Any CPU.ActiveCfg = Release|Any CPU
		{5D0582A0-38ED-4F44-BFE1-35938A01EF7F}.Release|Any CPU.Build.0 = Release|Any CPU
		{06E82B6E-FA74-4156-B848-5CFCDF6CD16E}.Debug|Any CPU.ActiveCfg = Debug|Any CPU
		{06E82B6E-FA74-4156-B848-5CFCDF6CD16E}.Debug|Any CPU.Build.0 = Debug|Any CPU
		{06E82B6E-FA74-4156-B848-5CFCDF6CD16E}.Release|Any CPU.ActiveCfg = Release|Any CPU
		{06E82B6E-FA74-4156-B848-5CFCDF6CD16E}.Release|Any CPU.Build.0 = Release|Any CPU
		{700C9D28-9D21-462F-BFCD-9FC7AE2BAA2B}.Debug|Any CPU.ActiveCfg = Debug|Any CPU
		{700C9D28-9D21-462F-BFCD-9FC7AE2BAA2B}.Debug|Any CPU.Build.0 = Debug|Any CPU
		{700C9D28-9D21-462F-BFCD-9FC7AE2BAA2B}.Release|Any CPU.ActiveCfg = Release|Any CPU
		{700C9D28-9D21-462F-BFCD-9FC7AE2BAA2B}.Release|Any CPU.Build.0 = Release|Any CPU
		{044B4956-781D-4540-A51D-8E21B8429F25}.Debug|Any CPU.ActiveCfg = Debug|Any CPU
		{044B4956-781D-4540-A51D-8E21B8429F25}.Debug|Any CPU.Build.0 = Debug|Any CPU
		{044B4956-781D-4540-A51D-8E21B8429F25}.Release|Any CPU.ActiveCfg = Release|Any CPU
		{044B4956-781D-4540-A51D-8E21B8429F25}.Release|Any CPU.Build.0 = Release|Any CPU
		{B2495FCA-D3D9-4854-AF5E-18E48B4A7148}.Debug|Any CPU.ActiveCfg = Debug|Any CPU
		{B2495FCA-D3D9-4854-AF5E-18E48B4A7148}.Debug|Any CPU.Build.0 = Debug|Any CPU
		{B2495FCA-D3D9-4854-AF5E-18E48B4A7148}.Release|Any CPU.ActiveCfg = Release|Any CPU
		{B2495FCA-D3D9-4854-AF5E-18E48B4A7148}.Release|Any CPU.Build.0 = Release|Any CPU
	EndGlobalSection
	GlobalSection(SolutionProperties) = preSolution
		HideSolutionNode = FALSE
	EndGlobalSection
	GlobalSection(ExtensibilityGlobals) = postSolution
		SolutionGuid = {075334D1-09C9-40B8-A8C3-3FDBAC18A3E8}
	EndGlobalSection
EndGlobal
